
Microsoft Visual Studio Solution File, Format Version 12.00
# Visual Studio Version 17
VisualStudioVersion = 17.0.32126.317
MinimumVisualStudioVersion = 10.0.40219.1
Project("{FAE04EC0-301F-11D3-BF4B-00C04F79EFBC}") = "ToDoProj", "ToDoProj\ToDoProj.csproj", "{99897975-7CAA-4856-B4E1-5CD64CAF5EF1}"
EndProject
Global
	GlobalSection(SolutionConfigurationPlatforms) = preSolution
		Debug|Any CPU = Debug|Any CPU
		Release|Any CPU = Release|Any CPU
	EndGlobalSection
	GlobalSection(ProjectConfigurationPlatforms) = postSolution
		{99897975-7CAA-4856-B4E1-5CD64CAF5EF1}.Debug|Any CPU.ActiveCfg = Debug|Any CPU
		{99897975-7CAA-4856-B4E1-5CD64CAF5EF1}.Debug|Any CPU.Build.0 = Debug|Any CPU
		{99897975-7CAA-4856-B4E1-5CD64CAF5EF1}.Release|Any CPU.ActiveCfg = Release|Any CPU
		{99897975-7CAA-4856-B4E1-5CD64CAF5EF1}.Release|Any CPU.Build.0 = Release|Any CPU
	EndGlobalSection
	GlobalSection(SolutionProperties) = preSolution
		HideSolutionNode = FALSE
	EndGlobalSection
	GlobalSection(ExtensibilityGlobals) = postSolution
		SolutionGuid = {38BC6E18-50DD-49E1-8EE6-E11D4E09D661}
	EndGlobalSection
EndGlobal
